{
  "name": "pi-app-factory",
  "version": "1.4.33",
  "lockfileVersion": 3,
  "requires": true,
  "packages": {
    "": {
      "name": "pi-app-factory",
      "version": "1.4.33",
      "engines": {
        "node": ">=22"
      },
      "dependencies": {
        "playwright": "^1.63.0"
      }
    }
  }
}
